{
  "pins" : [
    {
      "identity" : "altsign",
      "kind" : "remoteSourceControl",
      "location" : "https://github.com/SideStore/AltSign",
      "state" : {
        "branch" : "master",
        "revision" : "cc6189f0f7cd8e5bd24943af9322e0ff9420e9f4"
      }
    },
    {
      "identity" : "appcenter-sdk-apple",
      "kind" : "remoteSourceControl",
      "location" : "https://github.com/microsoft/appcenter-sdk-apple.git",
      "state" : {
        "revision" : "b2dc99cfedead0bad4e6573d86c5228c89cff332",
        "version" : "4.4.3"
      }
    },
    {
      "identity" : "imobiledevice.swift",
      "kind" : "remoteSourceControl",
      "location" : "https://github.com/SideStore/iMobileDevice.swift",
      "state" : {
        "revision" : "74e481106dd155c0cd21bca6795fd9fe5f751654",
        "version" : "1.0.5"
      }
    },
    {
      "identity" : "keychainaccess",
      "kind" : "remoteSourceControl",
      "location" : "https://github.com/kishikawakatsumi/KeychainAccess.git",
      "state" : {
        "revision" : "84e546727d66f1adc5439debad16270d0fdd04e7",
        "version" : "4.2.2"
      }
    },
    {
      "identity" : "launchatlogin",
      "kind" : "remoteSourceControl",
      "location" : "https://github.com/sindresorhus/LaunchAtLogin.git",
      "state" : {
        "revision" : "e8171b3e38a2816f579f58f3dac1522aa39efe41",
        "version" : "4.2.0"
      }
    },
    {
      "identity" : "nuke",
      "kind" : "remoteSourceControl",
      "location" : "https://github.com/kean/Nuke.git",
      "state" : {
        "revision" : "9318d02a8a6d20af56505c9673261c1fd3b3aebe",
        "version" : "7.6.3"
      }
    },
    {
      "identity" : "openssl",
      "kind" : "remoteSourceControl",
      "location" : "https://github.com/krzyzanowskim/OpenSSL",
      "state" : {
        "revision" : "0faf71a188bcfdf0245cab42886b9b240ca71c52",
        "version" : "1.1.2200"
      }
    },
    {
      "identity" : "plcrashreporter",
      "kind" : "remoteSourceControl",
      "location" : "https://github.com/microsoft/PLCrashReporter.git",
      "state" : {
        "revision" : "81cdec2b3827feb03286cb297f4c501a8eb98df1",
        "version" : "1.10.2"
      }
    },
    {
      "identity" : "semanticversion",
      "kind" : "remoteSourceControl",
      "location" : "https://github.com/SwiftPackageIndex/SemanticVersion.git",
      "state" : {
        "revision" : "a70840d5fca686ae3bd2fcf8aecc5ded0bd4f125",
        "version" : "0.3.6"
      }
    },
    {
      "identity" : "sparkle",
      "kind" : "remoteSourceControl",
      "location" : "https://github.com/sparkle-project/Sparkle.git",
      "state" : {
        "revision" : "f0ceaf5cc9f3f23daa0ccb6dcebd79fc96ccc7d9",
        "version" : "2.5.0"
      }
    },
    {
      "identity" : "starscream",
      "kind" : "remoteSourceControl",
      "location" : "https://github.com/daltoniam/Starscream.git",
      "state" : {
        "revision" : "ac6c0fc9da221873e01bd1a0d4818498a71eef33",
        "version" : "4.0.6"
      }
    },
    {
      "identity" : "stprivilegedtask",
      "kind" : "remoteSourceControl",
      "location" : "https://github.com/JoeMatt/STPrivilegedTask.git",
      "state" : {
        "branch" : "master",
        "revision" : "10a9150ef32d444af326beba76356ae9af95a3e7"
      }
    }
  ],
  "version" : 2
}
