{
  "pins" : [
    {
      "identity" : "altsign",
      "kind" : "remoteSourceControl",
      "location" : "https://github.com/SideStore/AltSign",
      "state" : {
        "branch" : "master",
        "revision" : "7e0e7edcf8fbc44ac1e35da3e9030a297aa18b84"
      }
    },
    {
      "identity" : "appcenter-sdk-apple",
      "kind" : "remoteSourceControl",
      "location" : "https://github.com/microsoft/appcenter-sdk-apple.git",
      "state" : {
        "revision" : "b2dc99cfedead0bad4e6573d86c5228c89cff332",
        "version" : "4.4.3"
      }
    },
    {
      "identity" : "keychainaccess",
      "kind" : "remoteSourceControl",
      "location" : "https://github.com/kishikawakatsumi/KeychainAccess.git",
      "state" : {
        "revision" : "84e546727d66f1adc5439debad16270d0fdd04e7",
        "version" : "4.2.2"
      }
    },
    {
      "identity" : "launchatlogin",
      "kind" : "remoteSourceControl",
      "location" : "https://github.com/sindresorhus/LaunchAtLogin.git",
      "state" : {
        "revision" : "e8171b3e38a2816f579f58f3dac1522aa39efe41",
        "version" : "4.2.0"
      }
    },
    {
      "identity" : "nuke",
      "kind" : "remoteSourceControl",
      "location" : "https://github.com/kean/Nuke.git",
      "state" : {
        "revision" : "9318d02a8a6d20af56505c9673261c1fd3b3aebe",
        "version" : "7.6.3"
      }
    },
    {
      "identity" : "openssl",
      "kind" : "remoteSourceControl",
      "location" : "https://github.com/krzyzanowskim/OpenSSL",
      "state" : {
        "revision" : "87f41bf9488e7dd2b0de2ab97cb3eafc7304e0e6",
        "version" : "1.1.2000"
      }
    },
    {
      "identity" : "plcrashreporter",
      "kind" : "remoteSourceControl",
      "location" : "https://github.com/microsoft/PLCrashReporter.git",
      "state" : {
        "revision" : "81cdec2b3827feb03286cb297f4c501a8eb98df1",
        "version" : "1.10.2"
      }
    },
    {
      "identity" : "roxas",
      "kind" : "remoteSourceControl",
      "location" : "https://github.com/JoeMatt/Roxas.git",
      "state" : {
        "branch" : "master",
        "revision" : "17338c09ec0ffeea4c68135f17c1f801a3d6d10d"
      }
    },
    {
      "identity" : "semanticversion",
      "kind" : "remoteSourceControl",
      "location" : "https://github.com/SwiftPackageIndex/SemanticVersion.git",
      "state" : {
        "revision" : "fc670910dc0903cc269b3d0b776cda5703979c4e",
        "version" : "0.3.5"
      }
    },
    {
      "identity" : "sidekit",
      "kind" : "remoteSourceControl",
      "location" : "https://github.com/SideStore/SideKit.git",
      "state" : {
        "branch" : "feature/swiftall",
        "revision" : "bf65f98dea41483544667de482ec6a866c7e84e6"
      }
    },
    {
      "identity" : "sparkle",
      "kind" : "remoteSourceControl",
      "location" : "https://github.com/sparkle-project/Sparkle.git",
      "state" : {
        "revision" : "dda155c7d3ef38c53d29f8584cb2aad2a1a54dba",
        "version" : "2.3.2"
      }
    },
    {
      "identity" : "stprivilegedtask",
      "kind" : "remoteSourceControl",
      "location" : "https://github.com/JoeMatt/STPrivilegedTask.git",
      "state" : {
        "branch" : "master",
        "revision" : "10a9150ef32d444af326beba76356ae9af95a3e7"
      }
    }
  ],
  "version" : 2
}
