{
  "originHash" : "69ef50e98469f665fd222dd23c3fdcdd9d71e0ff7e9c23097cb0742a7b0fc571",
  "pins" : [
    {
      "identity" : "anisettekit",
      "kind" : "remoteSourceControl",
      "location" : "https://github.com/mahee96/AnisetteKit.git",
      "state" : {
        "branch" : "main",
        "revision" : "655731b2bdaf6c3d083df254638075ccc7b35454"
      }
    },
    {
      "identity" : "codesignkit",
      "kind" : "remoteSourceControl",
      "location" : "https://github.com/mahee96/CodeSignKit.git",
      "state" : {
        "branch" : "main",
        "revision" : "15f95c1f13e3b48727c17b3b4e23e4d06917abb8"
      }
    },
    {
      "identity" : "gsacryptokit",
      "kind" : "remoteSourceControl",
      "location" : "https://github.com/mahee96/GSACryptoKit.git",
      "state" : {
        "branch" : "main",
        "revision" : "e7dd1055d684a62456de8c382e14743f06e6ecba"
      }
    },
    {
      "identity" : "keychainaccess",
      "kind" : "remoteSourceControl",
      "location" : "https://github.com/kishikawakatsumi/KeychainAccess",
      "state" : {
        "branch" : "master",
        "revision" : "e0c7eebc5a4465a3c4680764f26b7a61f567cdaf"
      }
    },
    {
      "identity" : "markdownkit",
      "kind" : "remoteSourceControl",
      "location" : "https://github.com/bmoliveira/MarkdownKit.git",
      "state" : {
        "revision" : "39ea7a3fc7e65bcafe55152592b834859be574a5",
        "version" : "1.7.3"
      }
    },
    {
      "identity" : "libdeflate",
      "kind" : "remoteSourceControl",
      "location" : "https://github.com/SideStore/libdeflate",
      "state" : {
        "branch" : "master",
        "revision" : "da6c7dae03b78dc71af973664575e4209786fbfe"
      }
    },
    {
      "identity" : "nuke",
      "kind" : "remoteSourceControl",
      "location" : "https://github.com/kean/Nuke",
      "state" : {
        "revision" : "2775239e10e23c0b70c5544b98c2af7f65c2bbd9",
        "version" : "10.0.1"
      }
    },
    {
      "identity" : "remotepairingkit",
      "kind" : "remoteSourceControl",
      "location" : "https://github.com/mahee96/RemotePairingKit.git",
      "state" : {
        "branch" : "main",
        "revision" : "7b9d269ec64027d73a50faa917cb18fa218c1fc9"
      }
    },
    {
      "identity" : "semanticversion",
      "kind" : "remoteSourceControl",
      "location" : "https://github.com/SwiftPackageIndex/SemanticVersion",
      "state" : {
        "revision" : "ea8eea9d89842a29af1b8e6c7677f1c86e72fa42",
        "version" : "0.4.0"
      }
    },
    {
      "identity" : "starscream",
      "kind" : "remoteSourceControl",
      "location" : "https://github.com/daltoniam/Starscream",
      "state" : {
        "revision" : "c6bfd1af48efcc9a9ad203665db12375ba6b145a",
        "version" : "4.0.8"
      }
    },
    {
      "identity" : "swift-asn1",
      "kind" : "remoteSourceControl",
      "location" : "https://github.com/apple/swift-asn1.git",
      "state" : {
        "revision" : "9f542610331815e29cc3821d3b6f488db8715517",
        "version" : "1.6.0"
      }
    },
    {
      "identity" : "swift-crypto",
      "kind" : "remoteSourceControl",
      "location" : "https://github.com/apple/swift-crypto.git",
      "state" : {
        "revision" : "bb4ba815dab96d4edc1e0b86d7b9acf9ff973a84",
        "version" : "4.3.1"
      }
    },
    {
      "identity" : "zipfoundation",
      "kind" : "remoteSourceControl",
      "location" : "https://github.com/weichsel/ZIPFoundation.git",
      "state" : {
        "revision" : "22787ffb59de99e5dc1fbfe80b19c97a904ad48d",
        "version" : "0.9.20"
      }
    }
  ],
  "version" : 3
}
